// !$*UTF8*$!
{
	archiveVersion = 1;
	classes = {
	};
	objectVersion = 56;
	objects = {

/* Begin PBXBuildFile section */
		9F26475F2978442B0074F49E /* CampiInserimentoView.swift in Sources */ = {isa = PBXBuildFile; fileRef = 9F26475E2978442B0074F49E /* CampiInserimentoView.swift */; };
		9F26476229784F7D0074F49E /* Utils.swift in Sources */ = {isa = PBXBuildFile; fileRef = 9F26476129784F7D0074F49E /* Utils.swift */; };
		9F30906328FE9BE10027F12B /* CustomTabBarItemsPreferenceKey.swift in Sources */ = {isa = PBXBuildFile; fileRef = 9F30906028FE9BE10027F12B /* CustomTabBarItemsPreferenceKey.swift */; };
		9F30906428FE9BE10027F12B /* CustomTabBar.swift in Sources */ = {isa = PBXBuildFile; fileRef = 9F30906128FE9BE10027F12B /* CustomTabBar.swift */; };
		9F30906528FE9BE10027F12B /* CustomTabBarContainer.swift in Sources */ = {isa = PBXBuildFile; fileRef = 9F30906228FE9BE10027F12B /* CustomTabBarContainer.swift */; };
		9F30906D28FEB3C80027F12B /* HomeView.swift in Sources */ = {isa = PBXBuildFile; fileRef = 9F30906C28FEB3C80027F12B /* HomeView.swift */; };
		9F30906F28FEB3D90027F12B /* BilanciaView.swift in Sources */ = {isa = PBXBuildFile; fileRef = 9F30906E28FEB3D90027F12B /* BilanciaView.swift */; };
		9F30907128FEB3FB0027F12B /* CategorieView.swift in Sources */ = {isa = PBXBuildFile; fileRef = 9F30907028FEB3FB0027F12B /* CategorieView.swift */; };
		9F30907328FEB4150027F12B /* CercaView.swift in Sources */ = {isa = PBXBuildFile; fileRef = 9F30907228FEB4140027F12B /* CercaView.swift */; };
		9F30907528FEB42D0027F12B /* ListaSpesaView.swift in Sources */ = {isa = PBXBuildFile; fileRef = 9F30907428FEB42D0027F12B /* ListaSpesaView.swift */; };
		9F30907728FEE0910027F12B /* CustomTabBarItems.swift in Sources */ = {isa = PBXBuildFile; fileRef = 9F30907628FEE0910027F12B /* CustomTabBarItems.swift */; };
		9F30907E28FEEEFB0027F12B /* CustomNavBarPreferenceKeys.swift in Sources */ = {isa = PBXBuildFile; fileRef = 9F30907928FEEEFB0027F12B /* CustomNavBarPreferenceKeys.swift */; };
		9F30907F28FEEEFB0027F12B /* CustomNavView.swift in Sources */ = {isa = PBXBuildFile; fileRef = 9F30907A28FEEEFB0027F12B /* CustomNavView.swift */; };
		9F30908028FEEEFB0027F12B /* CustomNavBarView.swift in Sources */ = {isa = PBXBuildFile; fileRef = 9F30907B28FEEEFB0027F12B /* CustomNavBarView.swift */; };
		9F30908128FEEEFB0027F12B /* CustomNavBarContainerView.swift in Sources */ = {isa = PBXBuildFile; fileRef = 9F30907C28FEEEFB0027F12B /* CustomNavBarContainerView.swift */; };
		9F30908228FEEEFB0027F12B /* CustomNavLink.swift in Sources */ = {isa = PBXBuildFile; fileRef = 9F30907D28FEEEFB0027F12B /* CustomNavLink.swift */; };
		9F3A2E682982DC0A00076010 /* AddEditIngredienteView.swift in Sources */ = {isa = PBXBuildFile; fileRef = 9F3A2E672982DC0A00076010 /* AddEditIngredienteView.swift */; };
		9F41FEC7298025740078A054 /* Fase2AddRicettaView.swift in Sources */ = {isa = PBXBuildFile; fileRef = 9F41FEC6298025740078A054 /* Fase2AddRicettaView.swift */; };
		9F47BCE1297EC3FF0040C02A /* DataManager.swift in Sources */ = {isa = PBXBuildFile; fileRef = 9F47BCE0297EC3FF0040C02A /* DataManager.swift */; };
		9F6240482981779800B45187 /* TextFieldExt.swift in Sources */ = {isa = PBXBuildFile; fileRef = 9F6240472981779800B45187 /* TextFieldExt.swift */; };
		9F81788828FE9471002296BC /* Mo_ChefApp.swift in Sources */ = {isa = PBXBuildFile; fileRef = 9F81788728FE9471002296BC /* Mo_ChefApp.swift */; };
		9F81788A28FE9471002296BC /* ContentView.swift in Sources */ = {isa = PBXBuildFile; fileRef = 9F81788928FE9471002296BC /* ContentView.swift */; };
		9F81788C28FE9472002296BC /* Assets.xcassets in Resources */ = {isa = PBXBuildFile; fileRef = 9F81788B28FE9472002296BC /* Assets.xcassets */; };
		9F81789028FE9472002296BC /* Preview Assets.xcassets in Resources */ = {isa = PBXBuildFile; fileRef = 9F81788F28FE9472002296BC /* Preview Assets.xcassets */; };
		9FBADAF22987C9F800321E5E /* DeleteIngredienteView.swift in Sources */ = {isa = PBXBuildFile; fileRef = 9FBADAF12987C9F800321E5E /* DeleteIngredienteView.swift */; };
		9FBE73502983CDDC00AFD9DF /* BackgroundClearView.swift in Sources */ = {isa = PBXBuildFile; fileRef = 9FBE734F2983CDDC00AFD9DF /* BackgroundClearView.swift */; };
		9FBE73522983DA3F00AFD9DF /* RoundedCornersCustomView.swift in Sources */ = {isa = PBXBuildFile; fileRef = 9FBE73512983DA3F00AFD9DF /* RoundedCornersCustomView.swift */; };
		9FC08E30297AA9580076F63E /* BoxIngredientiView.swift in Sources */ = {isa = PBXBuildFile; fileRef = 9FC08E2F297AA9570076F63E /* BoxIngredientiView.swift */; };
		9FC08E32297AEA740076F63E /* ButtonsView.swift in Sources */ = {isa = PBXBuildFile; fileRef = 9FC08E31297AEA740076F63E /* ButtonsView.swift */; };
		9FCAC2E329002EFA00CFA084 /* CustomButtons.swift in Sources */ = {isa = PBXBuildFile; fileRef = 9FCAC2E229002EFA00CFA084 /* CustomButtons.swift */; };
		9FCAC2E529004EBA00CFA084 /* MenuView.swift in Sources */ = {isa = PBXBuildFile; fileRef = 9FCAC2E429004EBA00CFA084 /* MenuView.swift */; };
		9FE18D8529107F14007E2121 /* CreditView.swift in Sources */ = {isa = PBXBuildFile; fileRef = 9FE18D8429107F14007E2121 /* CreditView.swift */; };
		9FE18D87291080A9007E2121 /* WhoAreView.swift in Sources */ = {isa = PBXBuildFile; fileRef = 9FE18D86291080A9007E2121 /* WhoAreView.swift */; };
		9FE294EF292500B4002BA287 /* AddRicettaView.swift in Sources */ = {isa = PBXBuildFile; fileRef = 9FE294EE292500B4002BA287 /* AddRicettaView.swift */; };
		9FE294F22925024E002BA287 /* Fase1AddRicettaView.swift in Sources */ = {isa = PBXBuildFile; fileRef = 9FE294F12925024E002BA287 /* Fase1AddRicettaView.swift */; };
		9FEAF423291A65EF00102EAC /* Ricetta.swift in Sources */ = {isa = PBXBuildFile; fileRef = 9FEAF422291A65EF00102EAC /* Ricetta.swift */; };
		9FEAF425291A69E000102EAC /* RicettaCardView.swift in Sources */ = {isa = PBXBuildFile; fileRef = 9FEAF424291A69E000102EAC /* RicettaCardView.swift */; };
		9FEAF428291A740300102EAC /* DettaglioRicettaView.swift in Sources */ = {isa = PBXBuildFile; fileRef = 9FEAF427291A740300102EAC /* DettaglioRicettaView.swift */; };
/* End PBXBuildFile section */

/* Begin PBXFileReference section */
		9F26475E2978442B0074F49E /* CampiInserimentoView.swift */ = {isa = PBXFileReference; lastKnownFileType = sourcecode.swift; path = CampiInserimentoView.swift; sourceTree = "<group>"; wrapsLines = 1; };
		9F26476129784F7D0074F49E /* Utils.swift */ = {isa = PBXFileReference; lastKnownFileType = sourcecode.swift; path = Utils.swift; sourceTree = "<group>"; };
		9F30906028FE9BE10027F12B /* CustomTabBarItemsPreferenceKey.swift */ = {isa = PBXFileReference; fileEncoding = 4; lastKnownFileType = sourcecode.swift; path = CustomTabBarItemsPreferenceKey.swift; sourceTree = "<group>"; };
		9F30906128FE9BE10027F12B /* CustomTabBar.swift */ = {isa = PBXFileReference; fileEncoding = 4; lastKnownFileType = sourcecode.swift; path = CustomTabBar.swift; sourceTree = "<group>"; };
		9F30906228FE9BE10027F12B /* CustomTabBarContainer.swift */ = {isa = PBXFileReference; fileEncoding = 4; lastKnownFileType = sourcecode.swift; path = CustomTabBarContainer.swift; sourceTree = "<group>"; };
		9F30906C28FEB3C80027F12B /* HomeView.swift */ = {isa = PBXFileReference; lastKnownFileType = sourcecode.swift; path = HomeView.swift; sourceTree = "<group>"; };
		9F30906E28FEB3D90027F12B /* BilanciaView.swift */ = {isa = PBXFileReference; lastKnownFileType = sourcecode.swift; path = BilanciaView.swift; sourceTree = "<group>"; };
		9F30907028FEB3FB0027F12B /* CategorieView.swift */ = {isa = PBXFileReference; lastKnownFileType = sourcecode.swift; path = CategorieView.swift; sourceTree = "<group>"; };
		9F30907228FEB4140027F12B /* CercaView.swift */ = {isa = PBXFileReference; lastKnownFileType = sourcecode.swift; path = CercaView.swift; sourceTree = "<group>"; };
		9F30907428FEB42D0027F12B /* ListaSpesaView.swift */ = {isa = PBXFileReference; lastKnownFileType = sourcecode.swift; path = ListaSpesaView.swift; sourceTree = "<group>"; };
		9F30907628FEE0910027F12B /* CustomTabBarItems.swift */ = {isa = PBXFileReference; lastKnownFileType = sourcecode.swift; path = CustomTabBarItems.swift; sourceTree = "<group>"; };
		9F30907928FEEEFB0027F12B /* CustomNavBarPreferenceKeys.swift */ = {isa = PBXFileReference; fileEncoding = 4; lastKnownFileType = sourcecode.swift; path = CustomNavBarPreferenceKeys.swift; sourceTree = "<group>"; };
		9F30907A28FEEEFB0027F12B /* CustomNavView.swift */ = {isa = PBXFileReference; fileEncoding = 4; lastKnownFileType = sourcecode.swift; path = CustomNavView.swift; sourceTree = "<group>"; };
		9F30907B28FEEEFB0027F12B /* CustomNavBarView.swift */ = {isa = PBXFileReference; fileEncoding = 4; lastKnownFileType = sourcecode.swift; path = CustomNavBarView.swift; sourceTree = "<group>"; };
		9F30907C28FEEEFB0027F12B /* CustomNavBarContainerView.swift */ = {isa = PBXFileReference; fileEncoding = 4; lastKnownFileType = sourcecode.swift; path = CustomNavBarContainerView.swift; sourceTree = "<group>"; };
		9F30907D28FEEEFB0027F12B /* CustomNavLink.swift */ = {isa = PBXFileReference; fileEncoding = 4; lastKnownFileType = sourcecode.swift; path = CustomNavLink.swift; sourceTree = "<group>"; };
		9F3A2E672982DC0A00076010 /* AddEditIngredienteView.swift */ = {isa = PBXFileReference; lastKnownFileType = sourcecode.swift; path = AddEditIngredienteView.swift; sourceTree = "<group>"; };
		9F41FEC6298025740078A054 /* Fase2AddRicettaView.swift */ = {isa = PBXFileReference; lastKnownFileType = sourcecode.swift; path = Fase2AddRicettaView.swift; sourceTree = "<group>"; };
		9F47BCE0297EC3FF0040C02A /* DataManager.swift */ = {isa = PBXFileReference; lastKnownFileType = sourcecode.swift; path = DataManager.swift; sourceTree = "<group>"; };
		9F6240472981779800B45187 /* TextFieldExt.swift */ = {isa = PBXFileReference; lastKnownFileType = sourcecode.swift; path = TextFieldExt.swift; sourceTree = "<group>"; };
		9F81788428FE9471002296BC /* Mo-Chef.app */ = {isa = PBXFileReference; explicitFileType = wrapper.application; includeInIndex = 0; path = "Mo-Chef.app"; sourceTree = BUILT_PRODUCTS_DIR; };
		9F81788728FE9471002296BC /* Mo_ChefApp.swift */ = {isa = PBXFileReference; lastKnownFileType = sourcecode.swift; path = Mo_ChefApp.swift; sourceTree = "<group>"; };
		9F81788928FE9471002296BC /* ContentView.swift */ = {isa = PBXFileReference; lastKnownFileType = sourcecode.swift; path = ContentView.swift; sourceTree = "<group>"; };
		9F81788B28FE9472002296BC /* Assets.xcassets */ = {isa = PBXFileReference; lastKnownFileType = folder.assetcatalog; path = Assets.xcassets; sourceTree = "<group>"; };
		9F81788D28FE9472002296BC /* Mo_Chef.entitlements */ = {isa = PBXFileReference; lastKnownFileType = text.plist.entitlements; path = Mo_Chef.entitlements; sourceTree = "<group>"; };
		9F81788F28FE9472002296BC /* Preview Assets.xcassets */ = {isa = PBXFileReference; lastKnownFileType = folder.assetcatalog; path = "Preview Assets.xcassets"; sourceTree = "<group>"; };
		9FBADAF12987C9F800321E5E /* DeleteIngredienteView.swift */ = {isa = PBXFileReference; lastKnownFileType = sourcecode.swift; path = DeleteIngredienteView.swift; sourceTree = "<group>"; };
		9FBE734F2983CDDC00AFD9DF /* BackgroundClearView.swift */ = {isa = PBXFileReference; lastKnownFileType = sourcecode.swift; path = BackgroundClearView.swift; sourceTree = "<group>"; };
		9FBE73512983DA3F00AFD9DF /* RoundedCornersCustomView.swift */ = {isa = PBXFileReference; lastKnownFileType = sourcecode.swift; path = RoundedCornersCustomView.swift; sourceTree = "<group>"; };
		9FC08E2F297AA9570076F63E /* BoxIngredientiView.swift */ = {isa = PBXFileReference; lastKnownFileType = sourcecode.swift; path = BoxIngredientiView.swift; sourceTree = "<group>"; };
		9FC08E31297AEA740076F63E /* ButtonsView.swift */ = {isa = PBXFileReference; lastKnownFileType = sourcecode.swift; path = ButtonsView.swift; sourceTree = "<group>"; };
		9FCAC2E229002EFA00CFA084 /* CustomButtons.swift */ = {isa = PBXFileReference; lastKnownFileType = sourcecode.swift; path = CustomButtons.swift; sourceTree = "<group>"; };
		9FCAC2E429004EBA00CFA084 /* MenuView.swift */ = {isa = PBXFileReference; lastKnownFileType = sourcecode.swift; path = MenuView.swift; sourceTree = "<group>"; };
		9FE18D8429107F14007E2121 /* CreditView.swift */ = {isa = PBXFileReference; lastKnownFileType = sourcecode.swift; path = CreditView.swift; sourceTree = "<group>"; };
		9FE18D86291080A9007E2121 /* WhoAreView.swift */ = {isa = PBXFileReference; lastKnownFileType = sourcecode.swift; path = WhoAreView.swift; sourceTree = "<group>"; };
		9FE294EE292500B4002BA287 /* AddRicettaView.swift */ = {isa = PBXFileReference; lastKnownFileType = sourcecode.swift; path = AddRicettaView.swift; sourceTree = "<group>"; };
		9FE294F12925024E002BA287 /* Fase1AddRicettaView.swift */ = {isa = PBXFileReference; lastKnownFileType = sourcecode.swift; path = Fase1AddRicettaView.swift; sourceTree = "<group>"; };
		9FEAF422291A65EF00102EAC /* Ricetta.swift */ = {isa = PBXFileReference; fileEncoding = 4; lastKnownFileType = sourcecode.swift; path = Ricetta.swift; sourceTree = "<group>"; };
		9FEAF424291A69E000102EAC /* RicettaCardView.swift */ = {isa = PBXFileReference; lastKnownFileType = sourcecode.swift; path = RicettaCardView.swift; sourceTree = "<group>"; };
		9FEAF427291A740300102EAC /* DettaglioRicettaView.swift */ = {isa = PBXFileReference; lastKnownFileType = sourcecode.swift; path = DettaglioRicettaView.swift; sourceTree = "<group>"; };
/* End PBXFileReference section */

/* Begin PBXFrameworksBuildPhase section */
		9F81788128FE9471002296BC /* Frameworks */ = {
			isa = PBXFrameworksBuildPhase;
			buildActionMask = 2147483647;
			files = (
			);
			runOnlyForDeploymentPostprocessing = 0;
		};
/* End PBXFrameworksBuildPhase section */

/* Begin PBXGroup section */
		9F26476029784F6F0074F49E /* Controller */ = {
			isa = PBXGroup;
			children = (
				9F26476129784F7D0074F49E /* Utils.swift */,
			);
			path = Controller;
			sourceTree = "<group>";
		};
		9F30905828FE9AC70027F12B /* menu */ = {
			isa = PBXGroup;
			children = (
				9FCAC2E429004EBA00CFA084 /* MenuView.swift */,
				9FE18D8429107F14007E2121 /* CreditView.swift */,
				9FE18D86291080A9007E2121 /* WhoAreView.swift */,
				9F30907828FEEEC70027F12B /* customNavBar */,
				9F30905928FE9AE30027F12B /* customTabBar */,
			);
			path = menu;
			sourceTree = "<group>";
		};
		9F30905928FE9AE30027F12B /* customTabBar */ = {
			isa = PBXGroup;
			children = (
				9F30906128FE9BE10027F12B /* CustomTabBar.swift */,
				9F30906228FE9BE10027F12B /* CustomTabBarContainer.swift */,
				9F30906028FE9BE10027F12B /* CustomTabBarItemsPreferenceKey.swift */,
				9F30907628FEE0910027F12B /* CustomTabBarItems.swift */,
			);
			path = customTabBar;
			sourceTree = "<group>";
		};
		9F30906628FEB26F0027F12B /* Home */ = {
			isa = PBXGroup;
			children = (
				9F30906C28FEB3C80027F12B /* HomeView.swift */,
			);
			path = Home;
			sourceTree = "<group>";
		};
		9F30906728FEB2E30027F12B /* Views */ = {
			isa = PBXGroup;
			children = (
				9FC08E2E297A9B400076F63E /* components */,
				9FEAF426291A726900102EAC /* Ricetta */,
				9F30905828FE9AC70027F12B /* menu */,
				9F30906828FEB3070027F12B /* Bilancia */,
				9F30906928FEB3340027F12B /* Categorie */,
				9F30906628FEB26F0027F12B /* Home */,
				9F30906A28FEB3530027F12B /* Cerca */,
				9F30906B28FEB37C0027F12B /* ListaSpesa */,
			);
			path = Views;
			sourceTree = "<group>";
		};
		9F30906828FEB3070027F12B /* Bilancia */ = {
			isa = PBXGroup;
			children = (
				9F30906E28FEB3D90027F12B /* BilanciaView.swift */,
			);
			path = Bilancia;
			sourceTree = "<group>";
		};
		9F30906928FEB3340027F12B /* Categorie */ = {
			isa = PBXGroup;
			children = (
				9F30907028FEB3FB0027F12B /* CategorieView.swift */,
			);
			path = Categorie;
			sourceTree = "<group>";
		};
		9F30906A28FEB3530027F12B /* Cerca */ = {
			isa = PBXGroup;
			children = (
				9F30907228FEB4140027F12B /* CercaView.swift */,
			);
			path = Cerca;
			sourceTree = "<group>";
		};
		9F30906B28FEB37C0027F12B /* ListaSpesa */ = {
			isa = PBXGroup;
			children = (
				9F30907428FEB42D0027F12B /* ListaSpesaView.swift */,
			);
			path = ListaSpesa;
			sourceTree = "<group>";
		};
		9F30907828FEEEC70027F12B /* customNavBar */ = {
			isa = PBXGroup;
			children = (
				9F30907C28FEEEFB0027F12B /* CustomNavBarContainerView.swift */,
				9F30907928FEEEFB0027F12B /* CustomNavBarPreferenceKeys.swift */,
				9F30907B28FEEEFB0027F12B /* CustomNavBarView.swift */,
				9F30907D28FEEEFB0027F12B /* CustomNavLink.swift */,
				9F30907A28FEEEFB0027F12B /* CustomNavView.swift */,
				9FCAC2E229002EFA00CFA084 /* CustomButtons.swift */,
			);
			path = customNavBar;
			sourceTree = "<group>";
		};
		9F3A2E662982DB7E00076010 /* Add_Edit-Ingrediente */ = {
			isa = PBXGroup;
			children = (
				9F3A2E672982DC0A00076010 /* AddEditIngredienteView.swift */,
				9FBADAF12987C9F800321E5E /* DeleteIngredienteView.swift */,
			);
			path = "Add_Edit-Ingrediente";
			sourceTree = "<group>";
		};
		9F6240462981777200B45187 /* Extension */ = {
			isa = PBXGroup;
			children = (
				9F6240472981779800B45187 /* TextFieldExt.swift */,
				9FBE734F2983CDDC00AFD9DF /* BackgroundClearView.swift */,
				9FBE73512983DA3F00AFD9DF /* RoundedCornersCustomView.swift */,
			);
			path = Extension;
			sourceTree = "<group>";
		};
		9F81787B28FE9471002296BC = {
			isa = PBXGroup;
			children = (
				9F81788628FE9471002296BC /* Mo-Chef */,
				9F81788528FE9471002296BC /* Products */,
			);
			sourceTree = "<group>";
		};
		9F81788528FE9471002296BC /* Products */ = {
			isa = PBXGroup;
			children = (
				9F81788428FE9471002296BC /* Mo-Chef.app */,
			);
			name = Products;
			sourceTree = "<group>";
		};
		9F81788628FE9471002296BC /* Mo-Chef */ = {
			isa = PBXGroup;
			children = (
				9F81788728FE9471002296BC /* Mo_ChefApp.swift */,
				9F81788928FE9471002296BC /* ContentView.swift */,
				9F26476029784F6F0074F49E /* Controller */,
				9FEAF421291A65CC00102EAC /* Model */,
				9F30906728FEB2E30027F12B /* Views */,
				9F6240462981777200B45187 /* Extension */,
				9F81788B28FE9472002296BC /* Assets.xcassets */,
				9F81788D28FE9472002296BC /* Mo_Chef.entitlements */,
				9F81788E28FE9472002296BC /* Preview Content */,
			);
			path = "Mo-Chef";
			sourceTree = "<group>";
		};
		9F81788E28FE9472002296BC /* Preview Content */ = {
			isa = PBXGroup;
			children = (
				9F81788F28FE9472002296BC /* Preview Assets.xcassets */,
			);
			path = "Preview Content";
			sourceTree = "<group>";
		};
		9FC08E2E297A9B400076F63E /* components */ = {
			isa = PBXGroup;
			children = (
				9F26475E2978442B0074F49E /* CampiInserimentoView.swift */,
				9FC08E2F297AA9570076F63E /* BoxIngredientiView.swift */,
				9FC08E31297AEA740076F63E /* ButtonsView.swift */,
			);
			path = components;
			sourceTree = "<group>";
		};
		9FE294ED2925008C002BA287 /* Add_Edit-Ricetta */ = {
			isa = PBXGroup;
			children = (
				9FE294EE292500B4002BA287 /* AddRicettaView.swift */,
				9FE294F0292501DD002BA287 /* fasi-inserimento */,
			);
			path = "Add_Edit-Ricetta";
			sourceTree = "<group>";
		};
		9FE294F0292501DD002BA287 /* fasi-inserimento */ = {
			isa = PBXGroup;
			children = (
				9FE294F12925024E002BA287 /* Fase1AddRicettaView.swift */,
				9F41FEC6298025740078A054 /* Fase2AddRicettaView.swift */,
			);
			path = "fasi-inserimento";
			sourceTree = "<group>";
		};
		9FEAF421291A65CC00102EAC /* Model */ = {
			isa = PBXGroup;
			children = (
				9F47BCE0297EC3FF0040C02A /* DataManager.swift */,
				9FEAF422291A65EF00102EAC /* Ricetta.swift */,
			);
			path = Model;
			sourceTree = "<group>";
		};
		9FEAF426291A726900102EAC /* Ricetta */ = {
			isa = PBXGroup;
			children = (
				9FE294ED2925008C002BA287 /* Add_Edit-Ricetta */,
				9F3A2E662982DB7E00076010 /* Add_Edit-Ingrediente */,
				9FEAF424291A69E000102EAC /* RicettaCardView.swift */,
				9FEAF427291A740300102EAC /* DettaglioRicettaView.swift */,
			);
			path = Ricetta;
			sourceTree = "<group>";
		};
/* End PBXGroup section */

/* Begin PBXNativeTarget section */
		9F81788328FE9471002296BC /* Mo-Chef */ = {
			isa = PBXNativeTarget;
			buildConfigurationList = 9F81789328FE9472002296BC /* Build configuration list for PBXNativeTarget "Mo-Chef" */;
			buildPhases = (
				9F81788028FE9471002296BC /* Sources */,
				9F81788128FE9471002296BC /* Frameworks */,
				9F81788228FE9471002296BC /* Resources */,
			);
			buildRules = (
			);
			dependencies = (
			);
			name = "Mo-Chef";
			productName = "Mo-Chef";
			productReference = 9F81788428FE9471002296BC /* Mo-Chef.app */;
			productType = "com.apple.product-type.application";
		};
/* End PBXNativeTarget section */

/* Begin PBXProject section */
		9F81787C28FE9471002296BC /* Project object */ = {
			isa = PBXProject;
			attributes = {
				BuildIndependentTargetsInParallel = 1;
				LastSwiftUpdateCheck = 1400;
				LastUpgradeCheck = 1400;
				TargetAttributes = {
					9F81788328FE9471002296BC = {
						CreatedOnToolsVersion = 14.0;
					};
				};
			};
			buildConfigurationList = 9F81787F28FE9471002296BC /* Build configuration list for PBXProject "Mo-Chef" */;
			compatibilityVersion = "Xcode 14.0";
			developmentRegion = en;
			hasScannedForEncodings = 0;
			knownRegions = (
				en,
				Base,
			);
			mainGroup = 9F81787B28FE9471002296BC;
			productRefGroup = 9F81788528FE9471002296BC /* Products */;
			projectDirPath = "";
			projectRoot = "";
			targets = (
				9F81788328FE9471002296BC /* Mo-Chef */,
			);
		};
/* End PBXProject section */

/* Begin PBXResourcesBuildPhase section */
		9F81788228FE9471002296BC /* Resources */ = {
			isa = PBXResourcesBuildPhase;
			buildActionMask = 2147483647;
			files = (
				9F81789028FE9472002296BC /* Preview Assets.xcassets in Resources */,
				9F81788C28FE9472002296BC /* Assets.xcassets in Resources */,
			);
			runOnlyForDeploymentPostprocessing = 0;
		};
/* End PBXResourcesBuildPhase section */

/* Begin PBXSourcesBuildPhase section */
		9F81788028FE9471002296BC /* Sources */ = {
			isa = PBXSourcesBuildPhase;
			buildActionMask = 2147483647;
			files = (
				9F81788A28FE9471002296BC /* ContentView.swift in Sources */,
				9F47BCE1297EC3FF0040C02A /* DataManager.swift in Sources */,
				9F30906428FE9BE10027F12B /* CustomTabBar.swift in Sources */,
				9F30907E28FEEEFB0027F12B /* CustomNavBarPreferenceKeys.swift in Sources */,
				9F30906528FE9BE10027F12B /* CustomTabBarContainer.swift in Sources */,
				9F30906D28FEB3C80027F12B /* HomeView.swift in Sources */,
				9F26475F2978442B0074F49E /* CampiInserimentoView.swift in Sources */,
				9F6240482981779800B45187 /* TextFieldExt.swift in Sources */,
				9FE18D8529107F14007E2121 /* CreditView.swift in Sources */,
				9FC08E32297AEA740076F63E /* ButtonsView.swift in Sources */,
				9FCAC2E329002EFA00CFA084 /* CustomButtons.swift in Sources */,
				9FE294EF292500B4002BA287 /* AddRicettaView.swift in Sources */,
				9F30907128FEB3FB0027F12B /* CategorieView.swift in Sources */,
				9FBE73522983DA3F00AFD9DF /* RoundedCornersCustomView.swift in Sources */,
				9F30907328FEB4150027F12B /* CercaView.swift in Sources */,
				9F30906328FE9BE10027F12B /* CustomTabBarItemsPreferenceKey.swift in Sources */,
				9F30906F28FEB3D90027F12B /* BilanciaView.swift in Sources */,
				9F81788828FE9471002296BC /* Mo_ChefApp.swift in Sources */,
				9F30907F28FEEEFB0027F12B /* CustomNavView.swift in Sources */,
				9F41FEC7298025740078A054 /* Fase2AddRicettaView.swift in Sources */,
				9F30908128FEEEFB0027F12B /* CustomNavBarContainerView.swift in Sources */,
				9F26476229784F7D0074F49E /* Utils.swift in Sources */,
				9FC08E30297AA9580076F63E /* BoxIngredientiView.swift in Sources */,
				9FEAF428291A740300102EAC /* DettaglioRicettaView.swift in Sources */,
				9FCAC2E529004EBA00CFA084 /* MenuView.swift in Sources */,
				9FEAF425291A69E000102EAC /* RicettaCardView.swift in Sources */,
				9F30908228FEEEFB0027F12B /* CustomNavLink.swift in Sources */,
				9FBE73502983CDDC00AFD9DF /* BackgroundClearView.swift in Sources */,
				9FE18D87291080A9007E2121 /* WhoAreView.swift in Sources */,
				9F30908028FEEEFB0027F12B /* CustomNavBarView.swift in Sources */,
				9FBADAF22987C9F800321E5E /* DeleteIngredienteView.swift in Sources */,
				9F30907528FEB42D0027F12B /* ListaSpesaView.swift in Sources */,
				9F3A2E682982DC0A00076010 /* AddEditIngredienteView.swift in Sources */,
				9F30907728FEE0910027F12B /* CustomTabBarItems.swift in Sources */,
				9FEAF423291A65EF00102EAC /* Ricetta.swift in Sources */,
				9FE294F22925024E002BA287 /* Fase1AddRicettaView.swift in Sources */,
			);
			runOnlyForDeploymentPostprocessing = 0;
		};
/* End PBXSourcesBuildPhase section */

/* Begin XCBuildConfiguration section */
		9F81789128FE9472002296BC /* Debug */ = {
			isa = XCBuildConfiguration;
			buildSettings = {
				ALWAYS_SEARCH_USER_PATHS = NO;
				CLANG_ANALYZER_NONNULL = YES;
				CLANG_ANALYZER_NUMBER_OBJECT_CONVERSION = YES_AGGRESSIVE;
				CLANG_CXX_LANGUAGE_STANDARD = "gnu++20";
				CLANG_ENABLE_MODULES = YES;
				CLANG_ENABLE_OBJC_ARC = YES;
				CLANG_ENABLE_OBJC_WEAK = YES;
				CLANG_WARN_BLOCK_CAPTURE_AUTORELEASING = YES;
				CLANG_WARN_BOOL_CONVERSION = YES;
				CLANG_WARN_COMMA = YES;
				CLANG_WARN_CONSTANT_CONVERSION = YES;
				CLANG_WARN_DEPRECATED_OBJC_IMPLEMENTATIONS = YES;
				CLANG_WARN_DIRECT_OBJC_ISA_USAGE = YES_ERROR;
				CLANG_WARN_DOCUMENTATION_COMMENTS = YES;
				CLANG_WARN_EMPTY_BODY = YES;
				CLANG_WARN_ENUM_CONVERSION = YES;
				CLANG_WARN_INFINITE_RECURSION = YES;
				CLANG_WARN_INT_CONVERSION = YES;
				CLANG_WARN_NON_LITERAL_NULL_CONVERSION = YES;
				CLANG_WARN_OBJC_IMPLICIT_RETAIN_SELF = YES;
				CLANG_WARN_OBJC_LITERAL_CONVERSION = YES;
				CLANG_WARN_OBJC_ROOT_CLASS = YES_ERROR;
				CLANG_WARN_QUOTED_INCLUDE_IN_FRAMEWORK_HEADER = YES;
				CLANG_WARN_RANGE_LOOP_ANALYSIS = YES;
				CLANG_WARN_STRICT_PROTOTYPES = YES;
				CLANG_WARN_SUSPICIOUS_MOVE = YES;
				CLANG_WARN_UNGUARDED_AVAILABILITY = YES_AGGRESSIVE;
				CLANG_WARN_UNREACHABLE_CODE = YES;
				CLANG_WARN__DUPLICATE_METHOD_MATCH = YES;
				COPY_PHASE_STRIP = NO;
				DEBUG_INFORMATION_FORMAT = dwarf;
				ENABLE_STRICT_OBJC_MSGSEND = YES;
				ENABLE_TESTABILITY = YES;
				GCC_C_LANGUAGE_STANDARD = gnu11;
				GCC_DYNAMIC_NO_PIC = NO;
				GCC_NO_COMMON_BLOCKS = YES;
				GCC_OPTIMIZATION_LEVEL = 0;
				GCC_PREPROCESSOR_DEFINITIONS = (
					"DEBUG=1",
					"$(inherited)",
				);
				GCC_WARN_64_TO_32_BIT_CONVERSION = YES;
				GCC_WARN_ABOUT_RETURN_TYPE = YES_ERROR;
				GCC_WARN_UNDECLARED_SELECTOR = YES;
				GCC_WARN_UNINITIALIZED_AUTOS = YES_AGGRESSIVE;
				GCC_WARN_UNUSED_FUNCTION = YES;
				GCC_WARN_UNUSED_VARIABLE = YES;
				MTL_ENABLE_DEBUG_INFO = INCLUDE_SOURCE;
				MTL_FAST_MATH = YES;
				ONLY_ACTIVE_ARCH = YES;
				SWIFT_ACTIVE_COMPILATION_CONDITIONS = DEBUG;
				SWIFT_OPTIMIZATION_LEVEL = "-Onone";
			};
			name = Debug;
		};
		9F81789228FE9472002296BC /* Release */ = {
			isa = XCBuildConfiguration;
			buildSettings = {
				ALWAYS_SEARCH_USER_PATHS = NO;
				CLANG_ANALYZER_NONNULL = YES;
				CLANG_ANALYZER_NUMBER_OBJECT_CONVERSION = YES_AGGRESSIVE;
				CLANG_CXX_LANGUAGE_STANDARD = "gnu++20";
				CLANG_ENABLE_MODULES = YES;
				CLANG_ENABLE_OBJC_ARC = YES;
				CLANG_ENABLE_OBJC_WEAK = YES;
				CLANG_WARN_BLOCK_CAPTURE_AUTORELEASING = YES;
				CLANG_WARN_BOOL_CONVERSION = YES;
				CLANG_WARN_COMMA = YES;
				CLANG_WARN_CONSTANT_CONVERSION = YES;
				CLANG_WARN_DEPRECATED_OBJC_IMPLEMENTATIONS = YES;
				CLANG_WARN_DIRECT_OBJC_ISA_USAGE = YES_ERROR;
				CLANG_WARN_DOCUMENTATION_COMMENTS = YES;
				CLANG_WARN_EMPTY_BODY = YES;
				CLANG_WARN_ENUM_CONVERSION = YES;
				CLANG_WARN_INFINITE_RECURSION = YES;
				CLANG_WARN_INT_CONVERSION = YES;
				CLANG_WARN_NON_LITERAL_NULL_CONVERSION = YES;
				CLANG_WARN_OBJC_IMPLICIT_RETAIN_SELF = YES;
				CLANG_WARN_OBJC_LITERAL_CONVERSION = YES;
				CLANG_WARN_OBJC_ROOT_CLASS = YES_ERROR;
				CLANG_WARN_QUOTED_INCLUDE_IN_FRAMEWORK_HEADER = YES;
				CLANG_WARN_RANGE_LOOP_ANALYSIS = YES;
				CLANG_WARN_STRICT_PROTOTYPES = YES;
				CLANG_WARN_SUSPICIOUS_MOVE = YES;
				CLANG_WARN_UNGUARDED_AVAILABILITY = YES_AGGRESSIVE;
				CLANG_WARN_UNREACHABLE_CODE = YES;
				CLANG_WARN__DUPLICATE_METHOD_MATCH = YES;
				COPY_PHASE_STRIP = NO;
				DEBUG_INFORMATION_FORMAT = "dwarf-with-dsym";
				ENABLE_NS_ASSERTIONS = NO;
				ENABLE_STRICT_OBJC_MSGSEND = YES;
				GCC_C_LANGUAGE_STANDARD = gnu11;
				GCC_NO_COMMON_BLOCKS = YES;
				GCC_WARN_64_TO_32_BIT_CONVERSION = YES;
				GCC_WARN_ABOUT_RETURN_TYPE = YES_ERROR;
				GCC_WARN_UNDECLARED_SELECTOR = YES;
				GCC_WARN_UNINITIALIZED_AUTOS = YES_AGGRESSIVE;
				GCC_WARN_UNUSED_FUNCTION = YES;
				GCC_WARN_UNUSED_VARIABLE = YES;
				MTL_ENABLE_DEBUG_INFO = NO;
				MTL_FAST_MATH = YES;
				SWIFT_COMPILATION_MODE = wholemodule;
				SWIFT_OPTIMIZATION_LEVEL = "-O";
			};
			name = Release;
		};
		9F81789428FE9472002296BC /* Debug */ = {
			isa = XCBuildConfiguration;
			buildSettings = {
				ASSETCATALOG_COMPILER_APPICON_NAME = AppIcon;
				ASSETCATALOG_COMPILER_GLOBAL_ACCENT_COLOR_NAME = AccentColor;
				CODE_SIGN_ENTITLEMENTS = "Mo-Chef/Mo_Chef.entitlements";
				CODE_SIGN_STYLE = Automatic;
				CURRENT_PROJECT_VERSION = 1;
				DEVELOPMENT_ASSET_PATHS = "\"Mo-Chef/Preview Content\"";
				DEVELOPMENT_TEAM = J3MC5V8GF2;
				ENABLE_HARDENED_RUNTIME = YES;
				ENABLE_PREVIEWS = YES;
				GENERATE_INFOPLIST_FILE = YES;
				"INFOPLIST_KEY_UIApplicationSceneManifest_Generation[sdk=iphoneos*]" = YES;
				"INFOPLIST_KEY_UIApplicationSceneManifest_Generation[sdk=iphonesimulator*]" = YES;
				"INFOPLIST_KEY_UIApplicationSupportsIndirectInputEvents[sdk=iphoneos*]" = YES;
				"INFOPLIST_KEY_UIApplicationSupportsIndirectInputEvents[sdk=iphonesimulator*]" = YES;
				"INFOPLIST_KEY_UILaunchScreen_Generation[sdk=iphoneos*]" = YES;
				"INFOPLIST_KEY_UILaunchScreen_Generation[sdk=iphonesimulator*]" = YES;
				"INFOPLIST_KEY_UIStatusBarStyle[sdk=iphoneos*]" = UIStatusBarStyleDefault;
				"INFOPLIST_KEY_UIStatusBarStyle[sdk=iphonesimulator*]" = UIStatusBarStyleDefault;
				INFOPLIST_KEY_UISupportedInterfaceOrientations_iPad = "UIInterfaceOrientationPortrait UIInterfaceOrientationPortraitUpsideDown UIInterfaceOrientationLandscapeLeft UIInterfaceOrientationLandscapeRight";
				INFOPLIST_KEY_UISupportedInterfaceOrientations_iPhone = "UIInterfaceOrientationPortrait UIInterfaceOrientationLandscapeLeft UIInterfaceOrientationLandscapeRight";
				IPHONEOS_DEPLOYMENT_TARGET = 16.0;
				LD_RUNPATH_SEARCH_PATHS = "@executable_path/Frameworks";
				"LD_RUNPATH_SEARCH_PATHS[sdk=macosx*]" = "@executable_path/../Frameworks";
				MACOSX_DEPLOYMENT_TARGET = 12.3;
				MARKETING_VERSION = 1.0;
				PRODUCT_BUNDLE_IDENTIFIER = "com.moveo.mochef.Mo-Chef";
				PRODUCT_NAME = "$(TARGET_NAME)";
				SDKROOT = auto;
				SUPPORTED_PLATFORMS = "iphoneos iphonesimulator macosx";
				SWIFT_EMIT_LOC_STRINGS = YES;
				SWIFT_VERSION = 5.0;
				TARGETED_DEVICE_FAMILY = "1,2";
			};
			name = Debug;
		};
		9F81789528FE9472002296BC /* Release */ = {
			isa = XCBuildConfiguration;
			buildSettings = {
				ASSETCATALOG_COMPILER_APPICON_NAME = AppIcon;
				ASSETCATALOG_COMPILER_GLOBAL_ACCENT_COLOR_NAME = AccentColor;
				CODE_SIGN_ENTITLEMENTS = "Mo-Chef/Mo_Chef.entitlements";
				CODE_SIGN_STYLE = Automatic;
				CURRENT_PROJECT_VERSION = 1;
				DEVELOPMENT_ASSET_PATHS = "\"Mo-Chef/Preview Content\"";
				DEVELOPMENT_TEAM = J3MC5V8GF2;
				ENABLE_HARDENED_RUNTIME = YES;
				ENABLE_PREVIEWS = YES;
				GENERATE_INFOPLIST_FILE = YES;
				"INFOPLIST_KEY_UIApplicationSceneManifest_Generation[sdk=iphoneos*]" = YES;
				"INFOPLIST_KEY_UIApplicationSceneManifest_Generation[sdk=iphonesimulator*]" = YES;
				"INFOPLIST_KEY_UIApplicationSupportsIndirectInputEvents[sdk=iphoneos*]" = YES;
				"INFOPLIST_KEY_UIApplicationSupportsIndirectInputEvents[sdk=iphonesimulator*]" = YES;
				"INFOPLIST_KEY_UILaunchScreen_Generation[sdk=iphoneos*]" = YES;
				"INFOPLIST_KEY_UILaunchScreen_Generation[sdk=iphonesimulator*]" = YES;
				"INFOPLIST_KEY_UIStatusBarStyle[sdk=iphoneos*]" = UIStatusBarStyleDefault;
				"INFOPLIST_KEY_UIStatusBarStyle[sdk=iphonesimulator*]" = UIStatusBarStyleDefault;
				INFOPLIST_KEY_UISupportedInterfaceOrientations_iPad = "UIInterfaceOrientationPortrait UIInterfaceOrientationPortraitUpsideDown UIInterfaceOrientationLandscapeLeft UIInterfaceOrientationLandscapeRight";
				INFOPLIST_KEY_UISupportedInterfaceOrientations_iPhone = "UIInterfaceOrientationPortrait UIInterfaceOrientationLandscapeLeft UIInterfaceOrientationLandscapeRight";
				IPHONEOS_DEPLOYMENT_TARGET = 16.0;
				LD_RUNPATH_SEARCH_PATHS = "@executable_path/Frameworks";
				"LD_RUNPATH_SEARCH_PATHS[sdk=macosx*]" = "@executable_path/../Frameworks";
				MACOSX_DEPLOYMENT_TARGET = 12.3;
				MARKETING_VERSION = 1.0;
				PRODUCT_BUNDLE_IDENTIFIER = "com.moveo.mochef.Mo-Chef";
				PRODUCT_NAME = "$(TARGET_NAME)";
				SDKROOT = auto;
				SUPPORTED_PLATFORMS = "iphoneos iphonesimulator macosx";
				SWIFT_EMIT_LOC_STRINGS = YES;
				SWIFT_VERSION = 5.0;
				TARGETED_DEVICE_FAMILY = "1,2";
			};
			name = Release;
		};
/* End XCBuildConfiguration section */

/* Begin XCConfigurationList section */
		9F81787F28FE9471002296BC /* Build configuration list for PBXProject "Mo-Chef" */ = {
			isa = XCConfigurationList;
			buildConfigurations = (
				9F81789128FE9472002296BC /* Debug */,
				9F81789228FE9472002296BC /* Release */,
			);
			defaultConfigurationIsVisible = 0;
			defaultConfigurationName = Release;
		};
		9F81789328FE9472002296BC /* Build configuration list for PBXNativeTarget "Mo-Chef" */ = {
			isa = XCConfigurationList;
			buildConfigurations = (
				9F81789428FE9472002296BC /* Debug */,
				9F81789528FE9472002296BC /* Release */,
			);
			defaultConfigurationIsVisible = 0;
			defaultConfigurationName = Release;
		};
/* End XCConfigurationList section */
	};
	rootObject = 9F81787C28FE9471002296BC /* Project object */;
}
